
Microsoft Visual Studio Solution File, Format Version 12.00
# Visual Studio Version 17
VisualStudioVersion = 17.3.32929.385
MinimumVisualStudioVersion = 10.0.40219.1
Project("{9A19103F-16F7-4668-BE54-9A1E7A4F7556}") = "Library_Api", "Library_Api.csproj", "{9BED23B1-7873-4B2F-8D9C-39B35279607C}"
EndProject
Project("{FAE04EC0-301F-11D3-BF4B-00C04F79EFBC}") = "Library_Api.Test", "..\Library_Api.Test\Library_Api.Test.csproj", "{5E32D5DF-491D-40CB-A416-D47AC6D19522}"
EndProject
Global
	GlobalSection(SolutionConfigurationPlatforms) = preSolution
		Debug|Any CPU = Debug|Any CPU
		Release|Any CPU = Release|Any CPU
	EndGlobalSection
	GlobalSection(ProjectConfigurationPlatforms) = postSolution
		{9BED23B1-7873-4B2F-8D9C-39B35279607C}.Debug|Any CPU.ActiveCfg = Debug|Any CPU
		{9BED23B1-7873-4B2F-8D9C-39B35279607C}.Debug|Any CPU.Build.0 = Debug|Any CPU
		{9BED23B1-7873-4B2F-8D9C-39B35279607C}.Release|Any CPU.ActiveCfg = Release|Any CPU
		{9BED23B1-7873-4B2F-8D9C-39B35279607C}.Release|Any CPU.Build.0 = Release|Any CPU
		{5E32D5DF-491D-40CB-A416-D47AC6D19522}.Debug|Any CPU.ActiveCfg = Debug|Any CPU
		{5E32D5DF-491D-40CB-A416-D47AC6D19522}.Debug|Any CPU.Build.0 = Debug|Any CPU
		{5E32D5DF-491D-40CB-A416-D47AC6D19522}.Release|Any CPU.ActiveCfg = Release|Any CPU
		{5E32D5DF-491D-40CB-A416-D47AC6D19522}.Release|Any CPU.Build.0 = Release|Any CPU
	EndGlobalSection
	GlobalSection(SolutionProperties) = preSolution
		HideSolutionNode = FALSE
	EndGlobalSection
	GlobalSection(ExtensibilityGlobals) = postSolution
		SolutionGuid = {3AA6E579-8393-4DA2-95D8-0772D7954948}
	EndGlobalSection
EndGlobal
